
Microsoft Visual Studio Solution File, Format Version 12.00
# Visual Studio 2013
VisualStudioVersion = 12.0.21005.1
MinimumVisualStudioVersion = 10.0.40219.1
Project("{FAE04EC0-301F-11D3-BF4B-00C04F79EFBC}") = "CourseProject", "CourseProject\CourseProject.csproj", "{16B9B60C-41DD-46AA-97A5-C60A9B92816A}"
EndProject
Project("{FAE04EC0-301F-11D3-BF4B-00C04F79EFBC}") = "CourseService", "CourseService\CourseService.csproj", "{B67FF120-EF49-4083-8F35-2165AB98C32A}"
EndProject
Project("{FAE04EC0-301F-11D3-BF4B-00C04F79EFBC}") = "Models", "Models\Models.csproj", "{84F7BAB8-4D45-43A4-BB61-16BA4FB9A517}"
EndProject
Project("{FAE04EC0-301F-11D3-BF4B-00C04F79EFBC}") = "CourseDBProject", "CourseDBProject\CourseDBProject.csproj", "{703C2C10-CAEC-4B0D-95BE-F26280A9E9A3}"
EndProject
Global
	GlobalSection(SolutionConfigurationPlatforms) = preSolution
		Debug|Any CPU = Debug|Any CPU
		Release|Any CPU = Release|Any CPU
	EndGlobalSection
	GlobalSection(ProjectConfigurationPlatforms) = postSolution
		{16B9B60C-41DD-46AA-97A5-C60A9B92816A}.Debug|Any CPU.ActiveCfg = Debug|Any CPU
		{16B9B60C-41DD-46AA-97A5-C60A9B92816A}.Debug|Any CPU.Build.0 = Debug|Any CPU
		{16B9B60C-41DD-46AA-97A5-C60A9B92816A}.Release|Any CPU.ActiveCfg = Release|Any CPU
		{16B9B60C-41DD-46AA-97A5-C60A9B92816A}.Release|Any CPU.Build.0 = Release|Any CPU
		{B67FF120-EF49-4083-8F35-2165AB98C32A}.Debug|Any CPU.ActiveCfg = Debug|Any CPU
		{B67FF120-EF49-4083-8F35-2165AB98C32A}.Debug|Any CPU.Build.0 = Debug|Any CPU
		{B67FF120-EF49-4083-8F35-2165AB98C32A}.Release|Any CPU.ActiveCfg = Release|Any CPU
		{B67FF120-EF49-4083-8F35-2165AB98C32A}.Release|Any CPU.Build.0 = Release|Any CPU
		{84F7BAB8-4D45-43A4-BB61-16BA4FB9A517}.Debug|Any CPU.ActiveCfg = Debug|Any CPU
		{84F7BAB8-4D45-43A4-BB61-16BA4FB9A517}.Debug|Any CPU.Build.0 = Debug|Any CPU
		{84F7BAB8-4D45-43A4-BB61-16BA4FB9A517}.Release|Any CPU.ActiveCfg = Release|Any CPU
		{84F7BAB8-4D45-43A4-BB61-16BA4FB9A517}.Release|Any CPU.Build.0 = Release|Any CPU
		{703C2C10-CAEC-4B0D-95BE-F26280A9E9A3}.Debug|Any CPU.ActiveCfg = Debug|Any CPU
		{703C2C10-CAEC-4B0D-95BE-F26280A9E9A3}.Debug|Any CPU.Build.0 = Debug|Any CPU
		{703C2C10-CAEC-4B0D-95BE-F26280A9E9A3}.Release|Any CPU.ActiveCfg = Release|Any CPU
		{703C2C10-CAEC-4B0D-95BE-F26280A9E9A3}.Release|Any CPU.Build.0 = Release|Any CPU
	EndGlobalSection
	GlobalSection(SolutionProperties) = preSolution
		HideSolutionNode = FALSE
	EndGlobalSection
EndGlobal
